
Microsoft Visual Studio Solution File, Format Version 12.00
Project("{FAE04EC0-301F-11D3-BF4B-00C04F79EFBC}") = "Runner", "Runner\Runner.csproj", "{2E1D4190-7267-4269-A7B8-4031E9549DAD}"
EndProject
Project("{FAE04EC0-301F-11D3-BF4B-00C04F79EFBC}") = "Day1Lib", "Day1Lib\Day1Lib.csproj", "{DBD72E4A-CD26-44C5-842F-200705ACB90D}"
EndProject
Project("{FAE04EC0-301F-11D3-BF4B-00C04F79EFBC}") = "Interfaces", "Interfaces\Interfaces.csproj", "{73031944-5319-4BDB-8F1B-4EDCBE1F658A}"
EndProject
Project("{FAE04EC0-301F-11D3-BF4B-00C04F79EFBC}") = "Day2Lib", "Day2Lib\Day2Lib.csproj", "{54FB2B7B-58F0-4EE8-922B-563AE5A0B429}"
EndProject
Project("{FAE04EC0-301F-11D3-BF4B-00C04F79EFBC}") = "AOCTests", "AOCTests\AOCTests.csproj", "{BF8A8A13-97D4-484D-A3A3-596B16574C9C}"
EndProject
Project("{FAE04EC0-301F-11D3-BF4B-00C04F79EFBC}") = "Day3Lib", "Day3Lib\Day3Lib.csproj", "{A21B70AB-FF77-4F4F-A932-35CCB0A6D2E7}"
EndProject
Project("{2150E333-8FDC-42A3-9474-1A3956D46DE8}") = "Days", "Days", "{3EC74EB6-B42E-4330-AF43-BE0F1E2C547A}"
EndProject
Project("{FAE04EC0-301F-11D3-BF4B-00C04F79EFBC}") = "Day4Lib", "Day4Lib\Day4Lib.csproj", "{08214FEB-BE81-4C7E-A626-F43D3F677BBF}"
EndProject
Project("{FAE04EC0-301F-11D3-BF4B-00C04F79EFBC}") = "Day5Lib", "Day5Lib\Day5Lib.csproj", "{9A263E5B-116D-4018-807B-641FBADBC82B}"
EndProject
Project("{FAE04EC0-301F-11D3-BF4B-00C04F79EFBC}") = "Day6Lib", "Day6Lib\Day6Lib.csproj", "{5EE88B40-1DA3-4CCC-A20E-F01513F95B6F}"
EndProject
Project("{FAE04EC0-301F-11D3-BF4B-00C04F79EFBC}") = "Helpers", "Helpers\Helpers.csproj", "{3767C259-9213-4D04-BC2B-6432D3E882DB}"
EndProject
Project("{FAE04EC0-301F-11D3-BF4B-00C04F79EFBC}") = "Day7Lib", "Day7Lib\Day7Lib.csproj", "{4D8606CA-F786-4D0E-A360-7C5EF7B12493}"
EndProject
Global
	GlobalSection(SolutionConfigurationPlatforms) = preSolution
		Debug|Any CPU = Debug|Any CPU
		Release|Any CPU = Release|Any CPU
	EndGlobalSection
	GlobalSection(ProjectConfigurationPlatforms) = postSolution
		{2E1D4190-7267-4269-A7B8-4031E9549DAD}.Debug|Any CPU.ActiveCfg = Debug|Any CPU
		{2E1D4190-7267-4269-A7B8-4031E9549DAD}.Debug|Any CPU.Build.0 = Debug|Any CPU
		{2E1D4190-7267-4269-A7B8-4031E9549DAD}.Release|Any CPU.ActiveCfg = Release|Any CPU
		{2E1D4190-7267-4269-A7B8-4031E9549DAD}.Release|Any CPU.Build.0 = Release|Any CPU
		{DBD72E4A-CD26-44C5-842F-200705ACB90D}.Debug|Any CPU.ActiveCfg = Debug|Any CPU
		{DBD72E4A-CD26-44C5-842F-200705ACB90D}.Debug|Any CPU.Build.0 = Debug|Any CPU
		{DBD72E4A-CD26-44C5-842F-200705ACB90D}.Release|Any CPU.ActiveCfg = Release|Any CPU
		{DBD72E4A-CD26-44C5-842F-200705ACB90D}.Release|Any CPU.Build.0 = Release|Any CPU
		{73031944-5319-4BDB-8F1B-4EDCBE1F658A}.Debug|Any CPU.ActiveCfg = Debug|Any CPU
		{73031944-5319-4BDB-8F1B-4EDCBE1F658A}.Debug|Any CPU.Build.0 = Debug|Any CPU
		{73031944-5319-4BDB-8F1B-4EDCBE1F658A}.Release|Any CPU.ActiveCfg = Release|Any CPU
		{73031944-5319-4BDB-8F1B-4EDCBE1F658A}.Release|Any CPU.Build.0 = Release|Any CPU
		{54FB2B7B-58F0-4EE8-922B-563AE5A0B429}.Debug|Any CPU.ActiveCfg = Debug|Any CPU
		{54FB2B7B-58F0-4EE8-922B-563AE5A0B429}.Debug|Any CPU.Build.0 = Debug|Any CPU
		{54FB2B7B-58F0-4EE8-922B-563AE5A0B429}.Release|Any CPU.ActiveCfg = Release|Any CPU
		{54FB2B7B-58F0-4EE8-922B-563AE5A0B429}.Release|Any CPU.Build.0 = Release|Any CPU
		{BF8A8A13-97D4-484D-A3A3-596B16574C9C}.Debug|Any CPU.ActiveCfg = Debug|Any CPU
		{BF8A8A13-97D4-484D-A3A3-596B16574C9C}.Debug|Any CPU.Build.0 = Debug|Any CPU
		{BF8A8A13-97D4-484D-A3A3-596B16574C9C}.Release|Any CPU.ActiveCfg = Release|Any CPU
		{BF8A8A13-97D4-484D-A3A3-596B16574C9C}.Release|Any CPU.Build.0 = Release|Any CPU
		{A21B70AB-FF77-4F4F-A932-35CCB0A6D2E7}.Debug|Any CPU.ActiveCfg = Debug|Any CPU
		{A21B70AB-FF77-4F4F-A932-35CCB0A6D2E7}.Debug|Any CPU.Build.0 = Debug|Any CPU
		{A21B70AB-FF77-4F4F-A932-35CCB0A6D2E7}.Release|Any CPU.ActiveCfg = Release|Any CPU
		{A21B70AB-FF77-4F4F-A932-35CCB0A6D2E7}.Release|Any CPU.Build.0 = Release|Any CPU
		{08214FEB-BE81-4C7E-A626-F43D3F677BBF}.Debug|Any CPU.ActiveCfg = Debug|Any CPU
		{08214FEB-BE81-4C7E-A626-F43D3F677BBF}.Debug|Any CPU.Build.0 = Debug|Any CPU
		{08214FEB-BE81-4C7E-A626-F43D3F677BBF}.Release|Any CPU.ActiveCfg = Release|Any CPU
		{08214FEB-BE81-4C7E-A626-F43D3F677BBF}.Release|Any CPU.Build.0 = Release|Any CPU
		{9A263E5B-116D-4018-807B-641FBADBC82B}.Debug|Any CPU.ActiveCfg = Debug|Any CPU
		{9A263E5B-116D-4018-807B-641FBADBC82B}.Debug|Any CPU.Build.0 = Debug|Any CPU
		{9A263E5B-116D-4018-807B-641FBADBC82B}.Release|Any CPU.ActiveCfg = Release|Any CPU
		{9A263E5B-116D-4018-807B-641FBADBC82B}.Release|Any CPU.Build.0 = Release|Any CPU
		{5EE88B40-1DA3-4CCC-A20E-F01513F95B6F}.Debug|Any CPU.ActiveCfg = Debug|Any CPU
		{5EE88B40-1DA3-4CCC-A20E-F01513F95B6F}.Debug|Any CPU.Build.0 = Debug|Any CPU
		{5EE88B40-1DA3-4CCC-A20E-F01513F95B6F}.Release|Any CPU.ActiveCfg = Release|Any CPU
		{5EE88B40-1DA3-4CCC-A20E-F01513F95B6F}.Release|Any CPU.Build.0 = Release|Any CPU
		{3767C259-9213-4D04-BC2B-6432D3E882DB}.Debug|Any CPU.ActiveCfg = Debug|Any CPU
		{3767C259-9213-4D04-BC2B-6432D3E882DB}.Debug|Any CPU.Build.0 = Debug|Any CPU
		{3767C259-9213-4D04-BC2B-6432D3E882DB}.Release|Any CPU.ActiveCfg = Release|Any CPU
		{3767C259-9213-4D04-BC2B-6432D3E882DB}.Release|Any CPU.Build.0 = Release|Any CPU
		{4D8606CA-F786-4D0E-A360-7C5EF7B12493}.Debug|Any CPU.ActiveCfg = Debug|Any CPU
		{4D8606CA-F786-4D0E-A360-7C5EF7B12493}.Debug|Any CPU.Build.0 = Debug|Any CPU
		{4D8606CA-F786-4D0E-A360-7C5EF7B12493}.Release|Any CPU.ActiveCfg = Release|Any CPU
		{4D8606CA-F786-4D0E-A360-7C5EF7B12493}.Release|Any CPU.Build.0 = Release|Any CPU
	EndGlobalSection
	GlobalSection(NestedProjects) = preSolution
		{DBD72E4A-CD26-44C5-842F-200705ACB90D} = {3EC74EB6-B42E-4330-AF43-BE0F1E2C547A}
		{54FB2B7B-58F0-4EE8-922B-563AE5A0B429} = {3EC74EB6-B42E-4330-AF43-BE0F1E2C547A}
		{A21B70AB-FF77-4F4F-A932-35CCB0A6D2E7} = {3EC74EB6-B42E-4330-AF43-BE0F1E2C547A}
		{08214FEB-BE81-4C7E-A626-F43D3F677BBF} = {3EC74EB6-B42E-4330-AF43-BE0F1E2C547A}
		{9A263E5B-116D-4018-807B-641FBADBC82B} = {3EC74EB6-B42E-4330-AF43-BE0F1E2C547A}
		{5EE88B40-1DA3-4CCC-A20E-F01513F95B6F} = {3EC74EB6-B42E-4330-AF43-BE0F1E2C547A}
		{4D8606CA-F786-4D0E-A360-7C5EF7B12493} = {3EC74EB6-B42E-4330-AF43-BE0F1E2C547A}
	EndGlobalSection
EndGlobal
